<Solution>
    <Folder Name="/test/" />
    <Project Path="src/Orleans.Streams.Confluent/Orleans.Streams.Confluent.csproj" />
    <Project Path="test/Orleans.Streams.Confluent.Tests/Orleans.Streams.Confluent.Tests.csproj" />
    <Project Path="test/Orleans.Streams.Confluent.IntegrationTests/Orleans.Streams.Confluent.IntegrationTests.csproj" />
</Solution>
